// !$*UTF8*$!
{
	archiveVersion = 1;
	classes = {
	};
	objectVersion = 56;
	objects = {

/* Begin PBXBuildFile section */
		BB60973E2C5694D00073519A /* sadariTests.swift in Sources */ = {isa = PBXBuildFile; fileRef = BB60973D2C5694D00073519A /* sadariTests.swift */; };
		BB6097482C5694D00073519A /* sadariUITests.swift in Sources */ = {isa = PBXBuildFile; fileRef = BB6097472C5694D00073519A /* sadariUITests.swift */; };
		BB60974A2C5694D00073519A /* sadariUITestsLaunchTests.swift in Sources */ = {isa = PBXBuildFile; fileRef = BB6097492C5694D00073519A /* sadariUITestsLaunchTests.swift */; };
/* End PBXBuildFile section */

/* Begin PBXFileReference section */
		BB60972C2C5694CF0073519A /* sadariApp.swift */ = {isa = PBXFileReference; lastKnownFileType = sourcecode.swift; path = sadariApp.swift; sourceTree = "<group>"; };
		BB60972E2C5694CF0073519A /* ContentView.swift */ = {isa = PBXFileReference; lastKnownFileType = sourcecode.swift; path = ContentView.swift; sourceTree = "<group>"; };
		BB6097302C5694D00073519A /* Assets.xcassets */ = {isa = PBXFileReference; lastKnownFileType = folder.assetcatalog; path = Assets.xcassets; sourceTree = "<group>"; };
		BB6097332C5694D00073519A /* Preview Assets.xcassets */ = {isa = PBXFileReference; lastKnownFileType = folder.assetcatalog; path = "Preview Assets.xcassets"; sourceTree = "<group>"; };
		BB6097392C5694D00073519A /* TODO-LISTTests.xctest */ = {isa = PBXFileReference; explicitFileType = wrapper.cfbundle; includeInIndex = 0; path = "TODO-LISTTests.xctest"; sourceTree = BUILT_PRODUCTS_DIR; };
		BB60973D2C5694D00073519A /* sadariTests.swift */ = {isa = PBXFileReference; lastKnownFileType = sourcecode.swift; path = sadariTests.swift; sourceTree = "<group>"; };
		BB6097432C5694D00073519A /* TODO-LISTUITests.xctest */ = {isa = PBXFileReference; explicitFileType = wrapper.cfbundle; includeInIndex = 0; path = "TODO-LISTUITests.xctest"; sourceTree = BUILT_PRODUCTS_DIR; };
		BB6097472C5694D00073519A /* sadariUITests.swift */ = {isa = PBXFileReference; lastKnownFileType = sourcecode.swift; path = sadariUITests.swift; sourceTree = "<group>"; };
		BB6097492C5694D00073519A /* sadariUITestsLaunchTests.swift */ = {isa = PBXFileReference; lastKnownFileType = sourcecode.swift; path = sadariUITestsLaunchTests.swift; sourceTree = "<group>"; };
		BB6097562C56A7D60073519A /* TodoStore.swift */ = {isa = PBXFileReference; lastKnownFileType = sourcecode.swift; path = TodoStore.swift; sourceTree = "<group>"; };
		BB6097582C56A7ED0073519A /* Todo.swift */ = {isa = PBXFileReference; lastKnownFileType = sourcecode.swift; path = Todo.swift; sourceTree = "<group>"; };
		BB60975E2C56C5A20073519A /* Frame 39970.png */ = {isa = PBXFileReference; lastKnownFileType = image.png; name = "Frame 39970.png"; path = "sadari/Assets.xcassets/Frame 39970.png"; sourceTree = "<group>"; };
/* End PBXFileReference section */

/* Begin PBXFrameworksBuildPhase section */
		BB6097362C5694D00073519A /* Frameworks */ = {
			isa = PBXFrameworksBuildPhase;
			buildActionMask = 2147483647;
			files = (
			);
			runOnlyForDeploymentPostprocessing = 0;
		};
		BB6097402C5694D00073519A /* Frameworks */ = {
			isa = PBXFrameworksBuildPhase;
			buildActionMask = 2147483647;
			files = (
			);
			runOnlyForDeploymentPostprocessing = 0;
		};
/* End PBXFrameworksBuildPhase section */

/* Begin PBXGroup section */
		BB6097202C5694CF0073519A = {
			isa = PBXGroup;
			children = (
				BB60975E2C56C5A20073519A /* Frame 39970.png */,
				BB60972B2C5694CF0073519A /* sadari */,
				BB60973C2C5694D00073519A /* sadariTests */,
				BB6097462C5694D00073519A /* sadariUITests */,
				BB60972A2C5694CF0073519A /* Products */,
			);
			sourceTree = "<group>";
		};
		BB60972A2C5694CF0073519A /* Products */ = {
			isa = PBXGroup;
			children = (
				BB6097392C5694D00073519A /* TODO-LISTTests.xctest */,
				BB6097432C5694D00073519A /* TODO-LISTUITests.xctest */,
			);
			name = Products;
			sourceTree = "<group>";
		};
		BB60972B2C5694CF0073519A /* sadari */ = {
			isa = PBXGroup;
			children = (
				BB60972C2C5694CF0073519A /* sadariApp.swift */,
				BB60972E2C5694CF0073519A /* ContentView.swift */,
				BB6097302C5694D00073519A /* Assets.xcassets */,
				BB6097322C5694D00073519A /* Preview Content */,
				BB6097562C56A7D60073519A /* TodoStore.swift */,
				BB6097582C56A7ED0073519A /* Todo.swift */,
			);
			path = sadari;
			sourceTree = "<group>";
		};
		BB6097322C5694D00073519A /* Preview Content */ = {
			isa = PBXGroup;
			children = (
				BB6097332C5694D00073519A /* Preview Assets.xcassets */,
			);
			path = "Preview Content";
			sourceTree = "<group>";
		};
		BB60973C2C5694D00073519A /* sadariTests */ = {
			isa = PBXGroup;
			children = (
				BB60973D2C5694D00073519A /* sadariTests.swift */,
			);
			path = sadariTests;
			sourceTree = "<group>";
		};
		BB6097462C5694D00073519A /* sadariUITests */ = {
			isa = PBXGroup;
			children = (
				BB6097472C5694D00073519A /* sadariUITests.swift */,
				BB6097492C5694D00073519A /* sadariUITestsLaunchTests.swift */,
			);
			path = sadariUITests;
			sourceTree = "<group>";
		};
/* End PBXGroup section */

/* Begin PBXNativeTarget section */
		BB6097382C5694D00073519A /* TODO-LISTTests */ = {
			isa = PBXNativeTarget;
			buildConfigurationList = BB6097502C5694D00073519A /* Build configuration list for PBXNativeTarget "TODO-LISTTests" */;
			buildPhases = (
				BB6097352C5694D00073519A /* Sources */,
				BB6097362C5694D00073519A /* Frameworks */,
				BB6097372C5694D00073519A /* Resources */,
			);
			buildRules = (
			);
			dependencies = (
			);
			name = "TODO-LISTTests";
			productName = sadariTests;
			productReference = BB6097392C5694D00073519A /* TODO-LISTTests.xctest */;
			productType = "com.apple.product-type.bundle.unit-test";
		};
		BB6097422C5694D00073519A /* TODO-LISTUITests */ = {
			isa = PBXNativeTarget;
			buildConfigurationList = BB6097532C5694D00073519A /* Build configuration list for PBXNativeTarget "TODO-LISTUITests" */;
			buildPhases = (
				BB60973F2C5694D00073519A /* Sources */,
				BB6097402C5694D00073519A /* Frameworks */,
				BB6097412C5694D00073519A /* Resources */,
			);
			buildRules = (
			);
			dependencies = (
			);
			name = "TODO-LISTUITests";
			productName = sadariUITests;
			productReference = BB6097432C5694D00073519A /* TODO-LISTUITests.xctest */;
			productType = "com.apple.product-type.bundle.ui-testing";
		};
/* End PBXNativeTarget section */

/* Begin PBXProject section */
		BB6097212C5694CF0073519A /* Project object */ = {
			isa = PBXProject;
			attributes = {
				BuildIndependentTargetsInParallel = 1;
				LastSwiftUpdateCheck = 1540;
				LastUpgradeCheck = 1540;
				TargetAttributes = {
					BB6097382C5694D00073519A = {
						CreatedOnToolsVersion = 15.4;
						TestTargetID = BB6097282C5694CF0073519A;
					};
					BB6097422C5694D00073519A = {
						CreatedOnToolsVersion = 15.4;
						TestTargetID = BB6097282C5694CF0073519A;
					};
				};
			};
			buildConfigurationList = BB6097242C5694CF0073519A /* Build configuration list for PBXProject "TODO-LIST" */;
			compatibilityVersion = "Xcode 14.0";
			developmentRegion = en;
			hasScannedForEncodings = 0;
			knownRegions = (
				en,
				Base,
			);
			mainGroup = BB6097202C5694CF0073519A;
			productRefGroup = BB60972A2C5694CF0073519A /* Products */;
			projectDirPath = "";
			projectRoot = "";
			targets = (
				BB6097382C5694D00073519A /* TODO-LISTTests */,
				BB6097422C5694D00073519A /* TODO-LISTUITests */,
			);
		};
/* End PBXProject section */

/* Begin PBXResourcesBuildPhase section */
		BB6097372C5694D00073519A /* Resources */ = {
			isa = PBXResourcesBuildPhase;
			buildActionMask = 2147483647;
			files = (
			);
			runOnlyForDeploymentPostprocessing = 0;
		};
		BB6097412C5694D00073519A /* Resources */ = {
			isa = PBXResourcesBuildPhase;
			buildActionMask = 2147483647;
			files = (
			);
			runOnlyForDeploymentPostprocessing = 0;
		};
/* End PBXResourcesBuildPhase section */

/* Begin PBXSourcesBuildPhase section */
		BB6097352C5694D00073519A /* Sources */ = {
			isa = PBXSourcesBuildPhase;
			buildActionMask = 2147483647;
			files = (
				BB60973E2C5694D00073519A /* sadariTests.swift in Sources */,
			);
			runOnlyForDeploymentPostprocessing = 0;
		};
		BB60973F2C5694D00073519A /* Sources */ = {
			isa = PBXSourcesBuildPhase;
			buildActionMask = 2147483647;
			files = (
				BB60974A2C5694D00073519A /* sadariUITestsLaunchTests.swift in Sources */,
				BB6097482C5694D00073519A /* sadariUITests.swift in Sources */,
			);
			runOnlyForDeploymentPostprocessing = 0;
		};
/* End PBXSourcesBuildPhase section */

/* Begin XCBuildConfiguration section */
		BB60974B2C5694D00073519A /* Debug */ = {
			isa = XCBuildConfiguration;
			buildSettings = {
				ALWAYS_SEARCH_USER_PATHS = NO;
				ASSETCATALOG_COMPILER_GENERATE_SWIFT_ASSET_SYMBOL_EXTENSIONS = YES;
				CLANG_ANALYZER_NONNULL = YES;
				CLANG_ANALYZER_NUMBER_OBJECT_CONVERSION = YES_AGGRESSIVE;
				CLANG_CXX_LANGUAGE_STANDARD = "gnu++20";
				CLANG_ENABLE_MODULES = YES;
				CLANG_ENABLE_OBJC_ARC = YES;
				CLANG_ENABLE_OBJC_WEAK = YES;
				CLANG_WARN_BLOCK_CAPTURE_AUTORELEASING = YES;
				CLANG_WARN_BOOL_CONVERSION = YES;
				CLANG_WARN_COMMA = YES;
				CLANG_WARN_CONSTANT_CONVERSION = YES;
				CLANG_WARN_DEPRECATED_OBJC_IMPLEMENTATIONS = YES;
				CLANG_WARN_DIRECT_OBJC_ISA_USAGE = YES_ERROR;
				CLANG_WARN_DOCUMENTATION_COMMENTS = YES;
				CLANG_WARN_EMPTY_BODY = YES;
				CLANG_WARN_ENUM_CONVERSION = YES;
				CLANG_WARN_INFINITE_RECURSION = YES;
				CLANG_WARN_INT_CONVERSION = YES;
				CLANG_WARN_NON_LITERAL_NULL_CONVERSION = YES;
				CLANG_WARN_OBJC_IMPLICIT_RETAIN_SELF = YES;
				CLANG_WARN_OBJC_LITERAL_CONVERSION = YES;
				CLANG_WARN_OBJC_ROOT_CLASS = YES_ERROR;
				CLANG_WARN_QUOTED_INCLUDE_IN_FRAMEWORK_HEADER = YES;
				CLANG_WARN_RANGE_LOOP_ANALYSIS = YES;
				CLANG_WARN_STRICT_PROTOTYPES = YES;
				CLANG_WARN_SUSPICIOUS_MOVE = YES;
				CLANG_WARN_UNGUARDED_AVAILABILITY = YES_AGGRESSIVE;
				CLANG_WARN_UNREACHABLE_CODE = YES;
				CLANG_WARN__DUPLICATE_METHOD_MATCH = YES;
				COPY_PHASE_STRIP = NO;
				DEBUG_INFORMATION_FORMAT = dwarf;
				ENABLE_STRICT_OBJC_MSGSEND = YES;
				ENABLE_TESTABILITY = YES;
				ENABLE_USER_SCRIPT_SANDBOXING = YES;
				GCC_C_LANGUAGE_STANDARD = gnu17;
				GCC_DYNAMIC_NO_PIC = NO;
				GCC_NO_COMMON_BLOCKS = YES;
				GCC_OPTIMIZATION_LEVEL = 0;
				GCC_PREPROCESSOR_DEFINITIONS = (
					"DEBUG=1",
					"$(inherited)",
				);
				GCC_WARN_64_TO_32_BIT_CONVERSION = YES;
				GCC_WARN_ABOUT_RETURN_TYPE = YES_ERROR;
				GCC_WARN_UNDECLARED_SELECTOR = YES;
				GCC_WARN_UNINITIALIZED_AUTOS = YES_AGGRESSIVE;
				GCC_WARN_UNUSED_FUNCTION = YES;
				GCC_WARN_UNUSED_VARIABLE = YES;
				IPHONEOS_DEPLOYMENT_TARGET = 17.5;
				LOCALIZATION_PREFERS_STRING_CATALOGS = YES;
				MTL_ENABLE_DEBUG_INFO = INCLUDE_SOURCE;
				MTL_FAST_MATH = YES;
				ONLY_ACTIVE_ARCH = YES;
				SDKROOT = iphoneos;
				SWIFT_ACTIVE_COMPILATION_CONDITIONS = "DEBUG $(inherited)";
				SWIFT_OPTIMIZATION_LEVEL = "-Onone";
			};
			name = Debug;
		};
		BB60974C2C5694D00073519A /* Release */ = {
			isa = XCBuildConfiguration;
			buildSettings = {
				ALWAYS_SEARCH_USER_PATHS = NO;
				ASSETCATALOG_COMPILER_GENERATE_SWIFT_ASSET_SYMBOL_EXTENSIONS = YES;
				CLANG_ANALYZER_NONNULL = YES;
				CLANG_ANALYZER_NUMBER_OBJECT_CONVERSION = YES_AGGRESSIVE;
				CLANG_CXX_LANGUAGE_STANDARD = "gnu++20";
				CLANG_ENABLE_MODULES = YES;
				CLANG_ENABLE_OBJC_ARC = YES;
				CLANG_ENABLE_OBJC_WEAK = YES;
				CLANG_WARN_BLOCK_CAPTURE_AUTORELEASING = YES;
				CLANG_WARN_BOOL_CONVERSION = YES;
				CLANG_WARN_COMMA = YES;
				CLANG_WARN_CONSTANT_CONVERSION = YES;
				CLANG_WARN_DEPRECATED_OBJC_IMPLEMENTATIONS = YES;
				CLANG_WARN_DIRECT_OBJC_ISA_USAGE = YES_ERROR;
				CLANG_WARN_DOCUMENTATION_COMMENTS = YES;
				CLANG_WARN_EMPTY_BODY = YES;
				CLANG_WARN_ENUM_CONVERSION = YES;
				CLANG_WARN_INFINITE_RECURSION = YES;
				CLANG_WARN_INT_CONVERSION = YES;
				CLANG_WARN_NON_LITERAL_NULL_CONVERSION = YES;
				CLANG_WARN_OBJC_IMPLICIT_RETAIN_SELF = YES;
				CLANG_WARN_OBJC_LITERAL_CONVERSION = YES;
				CLANG_WARN_OBJC_ROOT_CLASS = YES_ERROR;
				CLANG_WARN_QUOTED_INCLUDE_IN_FRAMEWORK_HEADER = YES;
				CLANG_WARN_RANGE_LOOP_ANALYSIS = YES;
				CLANG_WARN_STRICT_PROTOTYPES = YES;
				CLANG_WARN_SUSPICIOUS_MOVE = YES;
				CLANG_WARN_UNGUARDED_AVAILABILITY = YES_AGGRESSIVE;
				CLANG_WARN_UNREACHABLE_CODE = YES;
				CLANG_WARN__DUPLICATE_METHOD_MATCH = YES;
				COPY_PHASE_STRIP = NO;
				DEBUG_INFORMATION_FORMAT = "dwarf-with-dsym";
				ENABLE_NS_ASSERTIONS = NO;
				ENABLE_STRICT_OBJC_MSGSEND = YES;
				ENABLE_USER_SCRIPT_SANDBOXING = YES;
				GCC_C_LANGUAGE_STANDARD = gnu17;
				GCC_NO_COMMON_BLOCKS = YES;
				GCC_WARN_64_TO_32_BIT_CONVERSION = YES;
				GCC_WARN_ABOUT_RETURN_TYPE = YES_ERROR;
				GCC_WARN_UNDECLARED_SELECTOR = YES;
				GCC_WARN_UNINITIALIZED_AUTOS = YES_AGGRESSIVE;
				GCC_WARN_UNUSED_FUNCTION = YES;
				GCC_WARN_UNUSED_VARIABLE = YES;
				IPHONEOS_DEPLOYMENT_TARGET = 17.5;
				LOCALIZATION_PREFERS_STRING_CATALOGS = YES;
				MTL_ENABLE_DEBUG_INFO = NO;
				MTL_FAST_MATH = YES;
				SDKROOT = iphoneos;
				SWIFT_COMPILATION_MODE = wholemodule;
				VALIDATE_PRODUCT = YES;
			};
			name = Release;
		};
		BB6097512C5694D00073519A /* Debug */ = {
			isa = XCBuildConfiguration;
			buildSettings = {
				ALWAYS_EMBED_SWIFT_STANDARD_LIBRARIES = YES;
				BUNDLE_LOADER = "$(TEST_HOST)";
				CODE_SIGN_STYLE = Automatic;
				CURRENT_PROJECT_VERSION = 1;
				DEVELOPMENT_TEAM = B88XLHTDJ3;
				GENERATE_INFOPLIST_FILE = YES;
				IPHONEOS_DEPLOYMENT_TARGET = 17.5;
				MARKETING_VERSION = 1.0;
				PRODUCT_BUNDLE_IDENTIFIER = com.app.sadariTests;
				PRODUCT_NAME = "$(TARGET_NAME)";
				SWIFT_EMIT_LOC_STRINGS = NO;
				SWIFT_VERSION = 5.0;
				TARGETED_DEVICE_FAMILY = "1,2";
				TEST_HOST = "$(BUILT_PRODUCTS_DIR)/TODO-LIST.app/$(BUNDLE_EXECUTABLE_FOLDER_PATH)/TODO-LIST";
			};
			name = Debug;
		};
		BB6097522C5694D00073519A /* Release */ = {
			isa = XCBuildConfiguration;
			buildSettings = {
				ALWAYS_EMBED_SWIFT_STANDARD_LIBRARIES = YES;
				BUNDLE_LOADER = "$(TEST_HOST)";
				CODE_SIGN_STYLE = Automatic;
				CURRENT_PROJECT_VERSION = 1;
				DEVELOPMENT_TEAM = B88XLHTDJ3;
				GENERATE_INFOPLIST_FILE = YES;
				IPHONEOS_DEPLOYMENT_TARGET = 17.5;
				MARKETING_VERSION = 1.0;
				PRODUCT_BUNDLE_IDENTIFIER = com.app.sadariTests;
				PRODUCT_NAME = "$(TARGET_NAME)";
				SWIFT_EMIT_LOC_STRINGS = NO;
				SWIFT_VERSION = 5.0;
				TARGETED_DEVICE_FAMILY = "1,2";
				TEST_HOST = "$(BUILT_PRODUCTS_DIR)/TODO-LIST.app/$(BUNDLE_EXECUTABLE_FOLDER_PATH)/TODO-LIST";
			};
			name = Release;
		};
		BB6097542C5694D00073519A /* Debug */ = {
			isa = XCBuildConfiguration;
			buildSettings = {
				ALWAYS_EMBED_SWIFT_STANDARD_LIBRARIES = YES;
				CODE_SIGN_STYLE = Automatic;
				CURRENT_PROJECT_VERSION = 1;
				DEVELOPMENT_TEAM = B88XLHTDJ3;
				GENERATE_INFOPLIST_FILE = YES;
				MARKETING_VERSION = 1.0;
				PRODUCT_BUNDLE_IDENTIFIER = com.app.sadariUITests;
				PRODUCT_NAME = "$(TARGET_NAME)";
				SWIFT_EMIT_LOC_STRINGS = NO;
				SWIFT_VERSION = 5.0;
				TARGETED_DEVICE_FAMILY = "1,2";
				TEST_TARGET_NAME = sadari;
			};
			name = Debug;
		};
		BB6097552C5694D00073519A /* Release */ = {
			isa = XCBuildConfiguration;
			buildSettings = {
				ALWAYS_EMBED_SWIFT_STANDARD_LIBRARIES = YES;
				CODE_SIGN_STYLE = Automatic;
				CURRENT_PROJECT_VERSION = 1;
				DEVELOPMENT_TEAM = B88XLHTDJ3;
				GENERATE_INFOPLIST_FILE = YES;
				MARKETING_VERSION = 1.0;
				PRODUCT_BUNDLE_IDENTIFIER = com.app.sadariUITests;
				PRODUCT_NAME = "$(TARGET_NAME)";
				SWIFT_EMIT_LOC_STRINGS = NO;
				SWIFT_VERSION = 5.0;
				TARGETED_DEVICE_FAMILY = "1,2";
				TEST_TARGET_NAME = sadari;
			};
			name = Release;
		};
/* End XCBuildConfiguration section */

/* Begin XCConfigurationList section */
		BB6097242C5694CF0073519A /* Build configuration list for PBXProject "TODO-LIST" */ = {
			isa = XCConfigurationList;
			buildConfigurations = (
				BB60974B2C5694D00073519A /* Debug */,
				BB60974C2C5694D00073519A /* Release */,
			);
			defaultConfigurationIsVisible = 0;
			defaultConfigurationName = Release;
		};
		BB6097502C5694D00073519A /* Build configuration list for PBXNativeTarget "TODO-LISTTests" */ = {
			isa = XCConfigurationList;
			buildConfigurations = (
				BB6097512C5694D00073519A /* Debug */,
				BB6097522C5694D00073519A /* Release */,
			);
			defaultConfigurationIsVisible = 0;
			defaultConfigurationName = Release;
		};
		BB6097532C5694D00073519A /* Build configuration list for PBXNativeTarget "TODO-LISTUITests" */ = {
			isa = XCConfigurationList;
			buildConfigurations = (
				BB6097542C5694D00073519A /* Debug */,
				BB6097552C5694D00073519A /* Release */,
			);
			defaultConfigurationIsVisible = 0;
			defaultConfigurationName = Release;
		};
/* End XCConfigurationList section */
	};
	rootObject = BB6097212C5694CF0073519A /* Project object */;
}
